
Microsoft Visual Studio Solution File, Format Version 12.00
# Visual Studio Version 17
VisualStudioVersion = 17.9.34728.123
MinimumVisualStudioVersion = 10.0.40219.1
Project("{9A19103F-16F7-4668-BE54-9A1E7A4F7556}") = "SavePatcher", "SavePatcher\SavePatcher.csproj", "{5A7DFD21-E33B-4095-87DB-CB89B37841B6}"
EndProject
Project("{9A19103F-16F7-4668-BE54-9A1E7A4F7556}") = "SavePatcherTest", "SavePatcherTest\SavePatcherTest.csproj", "{611B106E-112A-4EA6-8307-2D1B5EC3861D}"
EndProject
Project("{9A19103F-16F7-4668-BE54-9A1E7A4F7556}") = "Helper", "Helper\Helper.csproj", "{E8DEBB0B-1181-49A0-B4F3-EF5119BED5D9}"
EndProject
Project("{9A19103F-16F7-4668-BE54-9A1E7A4F7556}") = "GameManager", "GameManager\GameManager.csproj", "{8FAFCC2E-13E3-42DB-89E2-BBFAD3E433C2}"
EndProject
Project("{9A19103F-16F7-4668-BE54-9A1E7A4F7556}") = "GameManager.DB", "GameManager.DB\GameManager.DB.csproj", "{C69AC4D8-71AA-4EC2-9B5D-57D76E7C1790}"
EndProject
Global
	GlobalSection(SolutionConfigurationPlatforms) = preSolution
		Debug|Any CPU = Debug|Any CPU
		Debug|x64 = Debug|x64
		Release|Any CPU = Release|Any CPU
		Release|x64 = Release|x64
	EndGlobalSection
	GlobalSection(ProjectConfigurationPlatforms) = postSolution
		{5A7DFD21-E33B-4095-87DB-CB89B37841B6}.Debug|Any CPU.ActiveCfg = Debug|Any CPU
		{5A7DFD21-E33B-4095-87DB-CB89B37841B6}.Debug|Any CPU.Build.0 = Debug|Any CPU
		{5A7DFD21-E33B-4095-87DB-CB89B37841B6}.Debug|x64.ActiveCfg = Debug|x64
		{5A7DFD21-E33B-4095-87DB-CB89B37841B6}.Debug|x64.Build.0 = Debug|x64
		{5A7DFD21-E33B-4095-87DB-CB89B37841B6}.Release|Any CPU.ActiveCfg = Release|Any CPU
		{5A7DFD21-E33B-4095-87DB-CB89B37841B6}.Release|Any CPU.Build.0 = Release|Any CPU
		{5A7DFD21-E33B-4095-87DB-CB89B37841B6}.Release|x64.ActiveCfg = Release|x64
		{5A7DFD21-E33B-4095-87DB-CB89B37841B6}.Release|x64.Build.0 = Release|x64
		{611B106E-112A-4EA6-8307-2D1B5EC3861D}.Debug|Any CPU.ActiveCfg = Debug|Any CPU
		{611B106E-112A-4EA6-8307-2D1B5EC3861D}.Debug|Any CPU.Build.0 = Debug|Any CPU
		{611B106E-112A-4EA6-8307-2D1B5EC3861D}.Debug|x64.ActiveCfg = Debug|x64
		{611B106E-112A-4EA6-8307-2D1B5EC3861D}.Debug|x64.Build.0 = Debug|x64
		{611B106E-112A-4EA6-8307-2D1B5EC3861D}.Release|Any CPU.ActiveCfg = Release|Any CPU
		{611B106E-112A-4EA6-8307-2D1B5EC3861D}.Release|Any CPU.Build.0 = Release|Any CPU
		{611B106E-112A-4EA6-8307-2D1B5EC3861D}.Release|x64.ActiveCfg = Release|x64
		{611B106E-112A-4EA6-8307-2D1B5EC3861D}.Release|x64.Build.0 = Release|x64
		{E8DEBB0B-1181-49A0-B4F3-EF5119BED5D9}.Debug|Any CPU.ActiveCfg = Debug|Any CPU
		{E8DEBB0B-1181-49A0-B4F3-EF5119BED5D9}.Debug|Any CPU.Build.0 = Debug|Any CPU
		{E8DEBB0B-1181-49A0-B4F3-EF5119BED5D9}.Debug|x64.ActiveCfg = Debug|x64
		{E8DEBB0B-1181-49A0-B4F3-EF5119BED5D9}.Debug|x64.Build.0 = Debug|x64
		{E8DEBB0B-1181-49A0-B4F3-EF5119BED5D9}.Release|Any CPU.ActiveCfg = Release|Any CPU
		{E8DEBB0B-1181-49A0-B4F3-EF5119BED5D9}.Release|Any CPU.Build.0 = Release|Any CPU
		{E8DEBB0B-1181-49A0-B4F3-EF5119BED5D9}.Release|x64.ActiveCfg = Release|x64
		{E8DEBB0B-1181-49A0-B4F3-EF5119BED5D9}.Release|x64.Build.0 = Release|x64
		{8FAFCC2E-13E3-42DB-89E2-BBFAD3E433C2}.Debug|Any CPU.ActiveCfg = Debug|Any CPU
		{8FAFCC2E-13E3-42DB-89E2-BBFAD3E433C2}.Debug|Any CPU.Build.0 = Debug|Any CPU
		{8FAFCC2E-13E3-42DB-89E2-BBFAD3E433C2}.Debug|Any CPU.Deploy.0 = Debug|Any CPU
		{8FAFCC2E-13E3-42DB-89E2-BBFAD3E433C2}.Debug|x64.ActiveCfg = Debug|x64
		{8FAFCC2E-13E3-42DB-89E2-BBFAD3E433C2}.Debug|x64.Build.0 = Debug|x64
		{8FAFCC2E-13E3-42DB-89E2-BBFAD3E433C2}.Release|Any CPU.ActiveCfg = Release|Any CPU
		{8FAFCC2E-13E3-42DB-89E2-BBFAD3E433C2}.Release|Any CPU.Build.0 = Release|Any CPU
		{8FAFCC2E-13E3-42DB-89E2-BBFAD3E433C2}.Release|Any CPU.Deploy.0 = Release|Any CPU
		{8FAFCC2E-13E3-42DB-89E2-BBFAD3E433C2}.Release|x64.ActiveCfg = Release|x64
		{8FAFCC2E-13E3-42DB-89E2-BBFAD3E433C2}.Release|x64.Build.0 = Release|x64
		{C69AC4D8-71AA-4EC2-9B5D-57D76E7C1790}.Debug|Any CPU.ActiveCfg = Debug|Any CPU
		{C69AC4D8-71AA-4EC2-9B5D-57D76E7C1790}.Debug|Any CPU.Build.0 = Debug|Any CPU
		{C69AC4D8-71AA-4EC2-9B5D-57D76E7C1790}.Debug|x64.ActiveCfg = Debug|x64
		{C69AC4D8-71AA-4EC2-9B5D-57D76E7C1790}.Debug|x64.Build.0 = Debug|x64
		{C69AC4D8-71AA-4EC2-9B5D-57D76E7C1790}.Release|Any CPU.ActiveCfg = Release|Any CPU
		{C69AC4D8-71AA-4EC2-9B5D-57D76E7C1790}.Release|Any CPU.Build.0 = Release|Any CPU
		{C69AC4D8-71AA-4EC2-9B5D-57D76E7C1790}.Release|x64.ActiveCfg = Release|x64
		{C69AC4D8-71AA-4EC2-9B5D-57D76E7C1790}.Release|x64.Build.0 = Release|x64
	EndGlobalSection
	GlobalSection(SolutionProperties) = preSolution
		HideSolutionNode = FALSE
	EndGlobalSection
	GlobalSection(ExtensibilityGlobals) = postSolution
		SolutionGuid = {89D99240-D609-4757-BAD5-E960EA1DE2E0}
	EndGlobalSection
EndGlobal
